
Microsoft Visual Studio Solution File, Format Version 12.00
# Visual Studio 15
VisualStudioVersion = 15.0.26124.0
MinimumVisualStudioVersion = 15.0.26124.0
Project("{FAE04EC0-301F-11D3-BF4B-00C04F79EFBC}") = "ApplicationCore", "ApplicationCore\ApplicationCore.csproj", "{20C50C4C-6A28-45CB-A8A8-637F2A7206B6}"
EndProject
Project("{FAE04EC0-301F-11D3-BF4B-00C04F79EFBC}") = "Infrastructure", "Infrastructure\Infrastructure.csproj", "{D996F789-EF38-4F42-B5DC-D70443172357}"
EndProject
Project("{FAE04EC0-301F-11D3-BF4B-00C04F79EFBC}") = "RazorSample", "RazorSample\RazorSample.csproj", "{7C34F120-53CB-43F1-8F66-3C27164A1688}"
EndProject
Global
	GlobalSection(SolutionConfigurationPlatforms) = preSolution
		Debug|Any CPU = Debug|Any CPU
		Debug|x64 = Debug|x64
		Debug|x86 = Debug|x86
		Release|Any CPU = Release|Any CPU
		Release|x64 = Release|x64
		Release|x86 = Release|x86
	EndGlobalSection
	GlobalSection(SolutionProperties) = preSolution
		HideSolutionNode = FALSE
	EndGlobalSection
	GlobalSection(ProjectConfigurationPlatforms) = postSolution
		{20C50C4C-6A28-45CB-A8A8-637F2A7206B6}.Debug|Any CPU.ActiveCfg = Debug|Any CPU
		{20C50C4C-6A28-45CB-A8A8-637F2A7206B6}.Debug|Any CPU.Build.0 = Debug|Any CPU
		{20C50C4C-6A28-45CB-A8A8-637F2A7206B6}.Debug|x64.ActiveCfg = Debug|Any CPU
		{20C50C4C-6A28-45CB-A8A8-637F2A7206B6}.Debug|x64.Build.0 = Debug|Any CPU
		{20C50C4C-6A28-45CB-A8A8-637F2A7206B6}.Debug|x86.ActiveCfg = Debug|Any CPU
		{20C50C4C-6A28-45CB-A8A8-637F2A7206B6}.Debug|x86.Build.0 = Debug|Any CPU
		{20C50C4C-6A28-45CB-A8A8-637F2A7206B6}.Release|Any CPU.ActiveCfg = Release|Any CPU
		{20C50C4C-6A28-45CB-A8A8-637F2A7206B6}.Release|Any CPU.Build.0 = Release|Any CPU
		{20C50C4C-6A28-45CB-A8A8-637F2A7206B6}.Release|x64.ActiveCfg = Release|Any CPU
		{20C50C4C-6A28-45CB-A8A8-637F2A7206B6}.Release|x64.Build.0 = Release|Any CPU
		{20C50C4C-6A28-45CB-A8A8-637F2A7206B6}.Release|x86.ActiveCfg = Release|Any CPU
		{20C50C4C-6A28-45CB-A8A8-637F2A7206B6}.Release|x86.Build.0 = Release|Any CPU
		{D996F789-EF38-4F42-B5DC-D70443172357}.Debug|Any CPU.ActiveCfg = Debug|Any CPU
		{D996F789-EF38-4F42-B5DC-D70443172357}.Debug|Any CPU.Build.0 = Debug|Any CPU
		{D996F789-EF38-4F42-B5DC-D70443172357}.Debug|x64.ActiveCfg = Debug|Any CPU
		{D996F789-EF38-4F42-B5DC-D70443172357}.Debug|x64.Build.0 = Debug|Any CPU
		{D996F789-EF38-4F42-B5DC-D70443172357}.Debug|x86.ActiveCfg = Debug|Any CPU
		{D996F789-EF38-4F42-B5DC-D70443172357}.Debug|x86.Build.0 = Debug|Any CPU
		{D996F789-EF38-4F42-B5DC-D70443172357}.Release|Any CPU.ActiveCfg = Release|Any CPU
		{D996F789-EF38-4F42-B5DC-D70443172357}.Release|Any CPU.Build.0 = Release|Any CPU
		{D996F789-EF38-4F42-B5DC-D70443172357}.Release|x64.ActiveCfg = Release|Any CPU
		{D996F789-EF38-4F42-B5DC-D70443172357}.Release|x64.Build.0 = Release|Any CPU
		{D996F789-EF38-4F42-B5DC-D70443172357}.Release|x86.ActiveCfg = Release|Any CPU
		{D996F789-EF38-4F42-B5DC-D70443172357}.Release|x86.Build.0 = Release|Any CPU
		{7C34F120-53CB-43F1-8F66-3C27164A1688}.Debug|Any CPU.ActiveCfg = Debug|Any CPU
		{7C34F120-53CB-43F1-8F66-3C27164A1688}.Debug|Any CPU.Build.0 = Debug|Any CPU
		{7C34F120-53CB-43F1-8F66-3C27164A1688}.Debug|x64.ActiveCfg = Debug|Any CPU
		{7C34F120-53CB-43F1-8F66-3C27164A1688}.Debug|x64.Build.0 = Debug|Any CPU
		{7C34F120-53CB-43F1-8F66-3C27164A1688}.Debug|x86.ActiveCfg = Debug|Any CPU
		{7C34F120-53CB-43F1-8F66-3C27164A1688}.Debug|x86.Build.0 = Debug|Any CPU
		{7C34F120-53CB-43F1-8F66-3C27164A1688}.Release|Any CPU.ActiveCfg = Release|Any CPU
		{7C34F120-53CB-43F1-8F66-3C27164A1688}.Release|Any CPU.Build.0 = Release|Any CPU
		{7C34F120-53CB-43F1-8F66-3C27164A1688}.Release|x64.ActiveCfg = Release|Any CPU
		{7C34F120-53CB-43F1-8F66-3C27164A1688}.Release|x64.Build.0 = Release|Any CPU
		{7C34F120-53CB-43F1-8F66-3C27164A1688}.Release|x86.ActiveCfg = Release|Any CPU
		{7C34F120-53CB-43F1-8F66-3C27164A1688}.Release|x86.Build.0 = Release|Any CPU
	EndGlobalSection
EndGlobal
